// !$*UTF8*$!
{
	archiveVersion = 1;
	classes = {
	};
	objectVersion = 51;
	objects = {

/* Begin PBXBuildFile section */
		4649F1C3257AB39B00600FFA /* UIView+Additions.swift in Sources */ = {isa = PBXBuildFile; fileRef = 4649F1C2257AB39B00600FFA /* UIView+Additions.swift */; };
		4649F1C6257AB4EC00600FFA /* SideMenuManager.swift in Sources */ = {isa = PBXBuildFile; fileRef = 4649F1C5257AB4EC00600FFA /* SideMenuManager.swift */; };
		4649F1D0257AB9B100600FFA /* SideMenuTransitionController.swift in Sources */ = {isa = PBXBuildFile; fileRef = 4649F1CF257AB9B100600FFA /* SideMenuTransitionController.swift */; };
		46BF5EE82577CD970054D04B /* AppDelegate.swift in Sources */ = {isa = PBXBuildFile; fileRef = 46BF5EE72577CD970054D04B /* AppDelegate.swift */; };
		46BF5EEA2577CD970054D04B /* SceneDelegate.swift in Sources */ = {isa = PBXBuildFile; fileRef = 46BF5EE92577CD970054D04B /* SceneDelegate.swift */; };
		46BF5EEC2577CD970054D04B /* ViewController.swift in Sources */ = {isa = PBXBuildFile; fileRef = 46BF5EEB2577CD970054D04B /* ViewController.swift */; };
		46BF5EEF2577CD970054D04B /* Main.storyboard in Resources */ = {isa = PBXBuildFile; fileRef = 46BF5EED2577CD970054D04B /* Main.storyboard */; };
		46BF5EF12577CD970054D04B /* Assets.xcassets in Resources */ = {isa = PBXBuildFile; fileRef = 46BF5EF02577CD970054D04B /* Assets.xcassets */; };
		46BF5EF42577CD970054D04B /* LaunchScreen.storyboard in Resources */ = {isa = PBXBuildFile; fileRef = 46BF5EF22577CD970054D04B /* LaunchScreen.storyboard */; };
		46BF5EFD2577CE020054D04B /* SideMenuViewController.swift in Sources */ = {isa = PBXBuildFile; fileRef = 46BF5EFC2577CE020054D04B /* SideMenuViewController.swift */; };
		46BF5F0E2577EDD20054D04B /* SideMenuNavigationViewController.swift in Sources */ = {isa = PBXBuildFile; fileRef = 46BF5F0D2577EDD20054D04B /* SideMenuNavigationViewController.swift */; };
		46BF5F2025791AB90054D04B /* SideMenuAnimatedTransitioning.swift in Sources */ = {isa = PBXBuildFile; fileRef = 46BF5F1F25791AB90054D04B /* SideMenuAnimatedTransitioning.swift */; };
		5BFD3FBC99D8F3FC14E76665 /* Pods_Practice_Transition.framework in Frameworks */ = {isa = PBXBuildFile; fileRef = D8B3CD5E99457B6C258D68CD /* Pods_Practice_Transition.framework */; };
/* End PBXBuildFile section */

/* Begin PBXFileReference section */
		4649F1C2257AB39B00600FFA /* UIView+Additions.swift */ = {isa = PBXFileReference; lastKnownFileType = sourcecode.swift; path = "UIView+Additions.swift"; sourceTree = "<group>"; };
		4649F1C5257AB4EC00600FFA /* SideMenuManager.swift */ = {isa = PBXFileReference; lastKnownFileType = sourcecode.swift; path = SideMenuManager.swift; sourceTree = "<group>"; };
		4649F1CF257AB9B100600FFA /* SideMenuTransitionController.swift */ = {isa = PBXFileReference; lastKnownFileType = sourcecode.swift; path = SideMenuTransitionController.swift; sourceTree = "<group>"; };
		46BF5EE42577CD970054D04B /* Practice Transition.app */ = {isa = PBXFileReference; explicitFileType = wrapper.application; includeInIndex = 0; path = "Practice Transition.app"; sourceTree = BUILT_PRODUCTS_DIR; };
		46BF5EE72577CD970054D04B /* AppDelegate.swift */ = {isa = PBXFileReference; lastKnownFileType = sourcecode.swift; path = AppDelegate.swift; sourceTree = "<group>"; };
		46BF5EE92577CD970054D04B /* SceneDelegate.swift */ = {isa = PBXFileReference; lastKnownFileType = sourcecode.swift; path = SceneDelegate.swift; sourceTree = "<group>"; };
		46BF5EEB2577CD970054D04B /* ViewController.swift */ = {isa = PBXFileReference; lastKnownFileType = sourcecode.swift; path = ViewController.swift; sourceTree = "<group>"; };
		46BF5EEE2577CD970054D04B /* Base */ = {isa = PBXFileReference; lastKnownFileType = file.storyboard; name = Base; path = Base.lproj/Main.storyboard; sourceTree = "<group>"; };
		46BF5EF02577CD970054D04B /* Assets.xcassets */ = {isa = PBXFileReference; lastKnownFileType = folder.assetcatalog; path = Assets.xcassets; sourceTree = "<group>"; };
		46BF5EF32577CD970054D04B /* Base */ = {isa = PBXFileReference; lastKnownFileType = file.storyboard; name = Base; path = Base.lproj/LaunchScreen.storyboard; sourceTree = "<group>"; };
		46BF5EF52577CD970054D04B /* Info.plist */ = {isa = PBXFileReference; lastKnownFileType = text.plist.xml; path = Info.plist; sourceTree = "<group>"; };
		46BF5EFC2577CE020054D04B /* SideMenuViewController.swift */ = {isa = PBXFileReference; lastKnownFileType = sourcecode.swift; path = SideMenuViewController.swift; sourceTree = "<group>"; };
		46BF5F0D2577EDD20054D04B /* SideMenuNavigationViewController.swift */ = {isa = PBXFileReference; lastKnownFileType = sourcecode.swift; path = SideMenuNavigationViewController.swift; sourceTree = "<group>"; };
		46BF5F1F25791AB90054D04B /* SideMenuAnimatedTransitioning.swift */ = {isa = PBXFileReference; lastKnownFileType = sourcecode.swift; path = SideMenuAnimatedTransitioning.swift; sourceTree = "<group>"; };
		7B0C56522C6C61325CDBF449 /* Pods-Practice Transition.release.xcconfig */ = {isa = PBXFileReference; includeInIndex = 1; lastKnownFileType = text.xcconfig; name = "Pods-Practice Transition.release.xcconfig"; path = "Target Support Files/Pods-Practice Transition/Pods-Practice Transition.release.xcconfig"; sourceTree = "<group>"; };
		C16E1E56E7E919FF209F8EDB /* Pods-Practice Transition.debug.xcconfig */ = {isa = PBXFileReference; includeInIndex = 1; lastKnownFileType = text.xcconfig; name = "Pods-Practice Transition.debug.xcconfig"; path = "Target Support Files/Pods-Practice Transition/Pods-Practice Transition.debug.xcconfig"; sourceTree = "<group>"; };
		D8B3CD5E99457B6C258D68CD /* Pods_Practice_Transition.framework */ = {isa = PBXFileReference; explicitFileType = wrapper.framework; includeInIndex = 0; path = Pods_Practice_Transition.framework; sourceTree = BUILT_PRODUCTS_DIR; };
/* End PBXFileReference section */

/* Begin PBXFrameworksBuildPhase section */
		46BF5EE12577CD970054D04B /* Frameworks */ = {
			isa = PBXFrameworksBuildPhase;
			buildActionMask = 2147483647;
			files = (
				5BFD3FBC99D8F3FC14E76665 /* Pods_Practice_Transition.framework in Frameworks */,
			);
			runOnlyForDeploymentPostprocessing = 0;
		};
/* End PBXFrameworksBuildPhase section */

/* Begin PBXGroup section */
		4649F1C8257AB70700600FFA /* App Scene Delegate */ = {
			isa = PBXGroup;
			children = (
				46BF5EE72577CD970054D04B /* AppDelegate.swift */,
				46BF5EE92577CD970054D04B /* SceneDelegate.swift */,
			);
			path = "App Scene Delegate";
			sourceTree = "<group>";
		};
		4649F1CA257AB71400600FFA /* SideMenu */ = {
			isa = PBXGroup;
			children = (
				4649F1C5257AB4EC00600FFA /* SideMenuManager.swift */,
				46BF5EFC2577CE020054D04B /* SideMenuViewController.swift */,
				46BF5F0D2577EDD20054D04B /* SideMenuNavigationViewController.swift */,
				46BF5F1F25791AB90054D04B /* SideMenuAnimatedTransitioning.swift */,
				4649F1CF257AB9B100600FFA /* SideMenuTransitionController.swift */,
			);
			path = SideMenu;
			sourceTree = "<group>";
		};
		4649F1CC257AB71B00600FFA /* Helper */ = {
			isa = PBXGroup;
			children = (
				4649F1C2257AB39B00600FFA /* UIView+Additions.swift */,
			);
			path = Helper;
			sourceTree = "<group>";
		};
		46810D74A8CE13979341324C /* Frameworks */ = {
			isa = PBXGroup;
			children = (
				D8B3CD5E99457B6C258D68CD /* Pods_Practice_Transition.framework */,
			);
			name = Frameworks;
			sourceTree = "<group>";
		};
		46BF5EDB2577CD970054D04B = {
			isa = PBXGroup;
			children = (
				46BF5EE62577CD970054D04B /* Practice Transition */,
				46BF5EE52577CD970054D04B /* Products */,
				9CFFF3B723999BF2251B276B /* Pods */,
				46810D74A8CE13979341324C /* Frameworks */,
			);
			sourceTree = "<group>";
		};
		46BF5EE52577CD970054D04B /* Products */ = {
			isa = PBXGroup;
			children = (
				46BF5EE42577CD970054D04B /* Practice Transition.app */,
			);
			name = Products;
			sourceTree = "<group>";
		};
		46BF5EE62577CD970054D04B /* Practice Transition */ = {
			isa = PBXGroup;
			children = (
				4649F1C8257AB70700600FFA /* App Scene Delegate */,
				46BF5EEB2577CD970054D04B /* ViewController.swift */,
				4649F1CA257AB71400600FFA /* SideMenu */,
				46BF5EED2577CD970054D04B /* Main.storyboard */,
				46BF5EF02577CD970054D04B /* Assets.xcassets */,
				46BF5EF22577CD970054D04B /* LaunchScreen.storyboard */,
				46BF5EF52577CD970054D04B /* Info.plist */,
				4649F1CC257AB71B00600FFA /* Helper */,
			);
			path = "Practice Transition";
			sourceTree = "<group>";
		};
		9CFFF3B723999BF2251B276B /* Pods */ = {
			isa = PBXGroup;
			children = (
				C16E1E56E7E919FF209F8EDB /* Pods-Practice Transition.debug.xcconfig */,
				7B0C56522C6C61325CDBF449 /* Pods-Practice Transition.release.xcconfig */,
			);
			path = Pods;
			sourceTree = "<group>";
		};
/* End PBXGroup section */

/* Begin PBXNativeTarget section */
		46BF5EE32577CD970054D04B /* Practice Transition */ = {
			isa = PBXNativeTarget;
			buildConfigurationList = 46BF5EF82577CD970054D04B /* Build configuration list for PBXNativeTarget "Practice Transition" */;
			buildPhases = (
				5DAA343E78840E1562A62617 /* [CP] Check Pods Manifest.lock */,
				46BF5EE02577CD970054D04B /* Sources */,
				46BF5EE12577CD970054D04B /* Frameworks */,
				46BF5EE22577CD970054D04B /* Resources */,
				E936A46603786A4EE799C270 /* [CP] Embed Pods Frameworks */,
			);
			buildRules = (
			);
			dependencies = (
			);
			name = "Practice Transition";
			productName = "Practice Transition";
			productReference = 46BF5EE42577CD970054D04B /* Practice Transition.app */;
			productType = "com.apple.product-type.application";
		};
/* End PBXNativeTarget section */

/* Begin PBXProject section */
		46BF5EDC2577CD970054D04B /* Project object */ = {
			isa = PBXProject;
			attributes = {
				LastSwiftUpdateCheck = 1220;
				LastUpgradeCheck = 1220;
				TargetAttributes = {
					46BF5EE32577CD970054D04B = {
						CreatedOnToolsVersion = 12.2;
					};
				};
			};
			buildConfigurationList = 46BF5EDF2577CD970054D04B /* Build configuration list for PBXProject "Practice Transition" */;
			compatibilityVersion = "Xcode 9.3";
			developmentRegion = en;
			hasScannedForEncodings = 0;
			knownRegions = (
				en,
				Base,
			);
			mainGroup = 46BF5EDB2577CD970054D04B;
			productRefGroup = 46BF5EE52577CD970054D04B /* Products */;
			projectDirPath = "";
			projectRoot = "";
			targets = (
				46BF5EE32577CD970054D04B /* Practice Transition */,
			);
		};
/* End PBXProject section */

/* Begin PBXResourcesBuildPhase section */
		46BF5EE22577CD970054D04B /* Resources */ = {
			isa = PBXResourcesBuildPhase;
			buildActionMask = 2147483647;
			files = (
				46BF5EF42577CD970054D04B /* LaunchScreen.storyboard in Resources */,
				46BF5EF12577CD970054D04B /* Assets.xcassets in Resources */,
				46BF5EEF2577CD970054D04B /* Main.storyboard in Resources */,
			);
			runOnlyForDeploymentPostprocessing = 0;
		};
/* End PBXResourcesBuildPhase section */

/* Begin PBXShellScriptBuildPhase section */
		5DAA343E78840E1562A62617 /* [CP] Check Pods Manifest.lock */ = {
			isa = PBXShellScriptBuildPhase;
			buildActionMask = 2147483647;
			files = (
			);
			inputFileListPaths = (
			);
			inputPaths = (
				"${PODS_PODFILE_DIR_PATH}/Podfile.lock",
				"${PODS_ROOT}/Manifest.lock",
			);
			name = "[CP] Check Pods Manifest.lock";
			outputFileListPaths = (
			);
			outputPaths = (
				"$(DERIVED_FILE_DIR)/Pods-Practice Transition-checkManifestLockResult.txt",
			);
			runOnlyForDeploymentPostprocessing = 0;
			shellPath = /bin/sh;
			shellScript = "diff \"${PODS_PODFILE_DIR_PATH}/Podfile.lock\" \"${PODS_ROOT}/Manifest.lock\" > /dev/null\nif [ $? != 0 ] ; then\n    # print error to STDERR\n    echo \"error: The sandbox is not in sync with the Podfile.lock. Run 'pod install' or update your CocoaPods installation.\" >&2\n    exit 1\nfi\n# This output is used by Xcode 'outputs' to avoid re-running this script phase.\necho \"SUCCESS\" > \"${SCRIPT_OUTPUT_FILE_0}\"\n";
			showEnvVarsInLog = 0;
		};
		E936A46603786A4EE799C270 /* [CP] Embed Pods Frameworks */ = {
			isa = PBXShellScriptBuildPhase;
			buildActionMask = 2147483647;
			files = (
			);
			inputFileListPaths = (
				"${PODS_ROOT}/Target Support Files/Pods-Practice Transition/Pods-Practice Transition-frameworks-${CONFIGURATION}-input-files.xcfilelist",
			);
			name = "[CP] Embed Pods Frameworks";
			outputFileListPaths = (
				"${PODS_ROOT}/Target Support Files/Pods-Practice Transition/Pods-Practice Transition-frameworks-${CONFIGURATION}-output-files.xcfilelist",
			);
			runOnlyForDeploymentPostprocessing = 0;
			shellPath = /bin/sh;
			shellScript = "\"${PODS_ROOT}/Target Support Files/Pods-Practice Transition/Pods-Practice Transition-frameworks.sh\"\n";
			showEnvVarsInLog = 0;
		};
/* End PBXShellScriptBuildPhase section */

/* Begin PBXSourcesBuildPhase section */
		46BF5EE02577CD970054D04B /* Sources */ = {
			isa = PBXSourcesBuildPhase;
			buildActionMask = 2147483647;
			files = (
				46BF5EFD2577CE020054D04B /* SideMenuViewController.swift in Sources */,
				46BF5EEC2577CD970054D04B /* ViewController.swift in Sources */,
				4649F1D0257AB9B100600FFA /* SideMenuTransitionController.swift in Sources */,
				46BF5F2025791AB90054D04B /* SideMenuAnimatedTransitioning.swift in Sources */,
				46BF5EE82577CD970054D04B /* AppDelegate.swift in Sources */,
				46BF5EEA2577CD970054D04B /* SceneDelegate.swift in Sources */,
				4649F1C6257AB4EC00600FFA /* SideMenuManager.swift in Sources */,
				4649F1C3257AB39B00600FFA /* UIView+Additions.swift in Sources */,
				46BF5F0E2577EDD20054D04B /* SideMenuNavigationViewController.swift in Sources */,
			);
			runOnlyForDeploymentPostprocessing = 0;
		};
/* End PBXSourcesBuildPhase section */

/* Begin PBXVariantGroup section */
		46BF5EED2577CD970054D04B /* Main.storyboard */ = {
			isa = PBXVariantGroup;
			children = (
				46BF5EEE2577CD970054D04B /* Base */,
			);
			name = Main.storyboard;
			sourceTree = "<group>";
		};
		46BF5EF22577CD970054D04B /* LaunchScreen.storyboard */ = {
			isa = PBXVariantGroup;
			children = (
				46BF5EF32577CD970054D04B /* Base */,
			);
			name = LaunchScreen.storyboard;
			sourceTree = "<group>";
		};
/* End PBXVariantGroup section */

/* Begin XCBuildConfiguration section */
		46BF5EF62577CD970054D04B /* Debug */ = {
			isa = XCBuildConfiguration;
			buildSettings = {
				ALWAYS_SEARCH_USER_PATHS = NO;
				CLANG_ANALYZER_NONNULL = YES;
				CLANG_ANALYZER_NUMBER_OBJECT_CONVERSION = YES_AGGRESSIVE;
				CLANG_CXX_LANGUAGE_STANDARD = "gnu++14";
				CLANG_CXX_LIBRARY = "libc++";
				CLANG_ENABLE_MODULES = YES;
				CLANG_ENABLE_OBJC_ARC = YES;
				CLANG_ENABLE_OBJC_WEAK = YES;
				CLANG_WARN_BLOCK_CAPTURE_AUTORELEASING = YES;
				CLANG_WARN_BOOL_CONVERSION = YES;
				CLANG_WARN_COMMA = YES;
				CLANG_WARN_CONSTANT_CONVERSION = YES;
				CLANG_WARN_DEPRECATED_OBJC_IMPLEMENTATIONS = YES;
				CLANG_WARN_DIRECT_OBJC_ISA_USAGE = YES_ERROR;
				CLANG_WARN_DOCUMENTATION_COMMENTS = YES;
				CLANG_WARN_EMPTY_BODY = YES;
				CLANG_WARN_ENUM_CONVERSION = YES;
				CLANG_WARN_INFINITE_RECURSION = YES;
				CLANG_WARN_INT_CONVERSION = YES;
				CLANG_WARN_NON_LITERAL_NULL_CONVERSION = YES;
				CLANG_WARN_OBJC_IMPLICIT_RETAIN_SELF = YES;
				CLANG_WARN_OBJC_LITERAL_CONVERSION = YES;
				CLANG_WARN_OBJC_ROOT_CLASS = YES_ERROR;
				CLANG_WARN_QUOTED_INCLUDE_IN_FRAMEWORK_HEADER = YES;
				CLANG_WARN_RANGE_LOOP_ANALYSIS = YES;
				CLANG_WARN_STRICT_PROTOTYPES = YES;
				CLANG_WARN_SUSPICIOUS_MOVE = YES;
				CLANG_WARN_UNGUARDED_AVAILABILITY = YES_AGGRESSIVE;
				CLANG_WARN_UNREACHABLE_CODE = YES;
				CLANG_WARN__DUPLICATE_METHOD_MATCH = YES;
				COPY_PHASE_STRIP = NO;
				DEBUG_INFORMATION_FORMAT = dwarf;
				ENABLE_STRICT_OBJC_MSGSEND = YES;
				ENABLE_TESTABILITY = YES;
				GCC_C_LANGUAGE_STANDARD = gnu11;
				GCC_DYNAMIC_NO_PIC = NO;
				GCC_NO_COMMON_BLOCKS = YES;
				GCC_OPTIMIZATION_LEVEL = 0;
				GCC_PREPROCESSOR_DEFINITIONS = (
					"DEBUG=1",
					"$(inherited)",
				);
				GCC_WARN_64_TO_32_BIT_CONVERSION = YES;
				GCC_WARN_ABOUT_RETURN_TYPE = YES_ERROR;
				GCC_WARN_UNDECLARED_SELECTOR = YES;
				GCC_WARN_UNINITIALIZED_AUTOS = YES_AGGRESSIVE;
				GCC_WARN_UNUSED_FUNCTION = YES;
				GCC_WARN_UNUSED_VARIABLE = YES;
				IPHONEOS_DEPLOYMENT_TARGET = 14.2;
				MTL_ENABLE_DEBUG_INFO = INCLUDE_SOURCE;
				MTL_FAST_MATH = YES;
				ONLY_ACTIVE_ARCH = YES;
				SDKROOT = iphoneos;
				SWIFT_ACTIVE_COMPILATION_CONDITIONS = DEBUG;
				SWIFT_OPTIMIZATION_LEVEL = "-Onone";
			};
			name = Debug;
		};
		46BF5EF72577CD970054D04B /* Release */ = {
			isa = XCBuildConfiguration;
			buildSettings = {
				ALWAYS_SEARCH_USER_PATHS = NO;
				CLANG_ANALYZER_NONNULL = YES;
				CLANG_ANALYZER_NUMBER_OBJECT_CONVERSION = YES_AGGRESSIVE;
				CLANG_CXX_LANGUAGE_STANDARD = "gnu++14";
				CLANG_CXX_LIBRARY = "libc++";
				CLANG_ENABLE_MODULES = YES;
				CLANG_ENABLE_OBJC_ARC = YES;
				CLANG_ENABLE_OBJC_WEAK = YES;
				CLANG_WARN_BLOCK_CAPTURE_AUTORELEASING = YES;
				CLANG_WARN_BOOL_CONVERSION = YES;
				CLANG_WARN_COMMA = YES;
				CLANG_WARN_CONSTANT_CONVERSION = YES;
				CLANG_WARN_DEPRECATED_OBJC_IMPLEMENTATIONS = YES;
				CLANG_WARN_DIRECT_OBJC_ISA_USAGE = YES_ERROR;
				CLANG_WARN_DOCUMENTATION_COMMENTS = YES;
				CLANG_WARN_EMPTY_BODY = YES;
				CLANG_WARN_ENUM_CONVERSION = YES;
				CLANG_WARN_INFINITE_RECURSION = YES;
				CLANG_WARN_INT_CONVERSION = YES;
				CLANG_WARN_NON_LITERAL_NULL_CONVERSION = YES;
				CLANG_WARN_OBJC_IMPLICIT_RETAIN_SELF = YES;
				CLANG_WARN_OBJC_LITERAL_CONVERSION = YES;
				CLANG_WARN_OBJC_ROOT_CLASS = YES_ERROR;
				CLANG_WARN_QUOTED_INCLUDE_IN_FRAMEWORK_HEADER = YES;
				CLANG_WARN_RANGE_LOOP_ANALYSIS = YES;
				CLANG_WARN_STRICT_PROTOTYPES = YES;
				CLANG_WARN_SUSPICIOUS_MOVE = YES;
				CLANG_WARN_UNGUARDED_AVAILABILITY = YES_AGGRESSIVE;
				CLANG_WARN_UNREACHABLE_CODE = YES;
				CLANG_WARN__DUPLICATE_METHOD_MATCH = YES;
				COPY_PHASE_STRIP = NO;
				DEBUG_INFORMATION_FORMAT = "dwarf-with-dsym";
				ENABLE_NS_ASSERTIONS = NO;
				ENABLE_STRICT_OBJC_MSGSEND = YES;
				GCC_C_LANGUAGE_STANDARD = gnu11;
				GCC_NO_COMMON_BLOCKS = YES;
				GCC_WARN_64_TO_32_BIT_CONVERSION = YES;
				GCC_WARN_ABOUT_RETURN_TYPE = YES_ERROR;
				GCC_WARN_UNDECLARED_SELECTOR = YES;
				GCC_WARN_UNINITIALIZED_AUTOS = YES_AGGRESSIVE;
				GCC_WARN_UNUSED_FUNCTION = YES;
				GCC_WARN_UNUSED_VARIABLE = YES;
				IPHONEOS_DEPLOYMENT_TARGET = 14.2;
				MTL_ENABLE_DEBUG_INFO = NO;
				MTL_FAST_MATH = YES;
				SDKROOT = iphoneos;
				SWIFT_COMPILATION_MODE = wholemodule;
				SWIFT_OPTIMIZATION_LEVEL = "-O";
				VALIDATE_PRODUCT = YES;
			};
			name = Release;
		};
		46BF5EF92577CD970054D04B /* Debug */ = {
			isa = XCBuildConfiguration;
			baseConfigurationReference = C16E1E56E7E919FF209F8EDB /* Pods-Practice Transition.debug.xcconfig */;
			buildSettings = {
				ASSETCATALOG_COMPILER_APPICON_NAME = AppIcon;
				ASSETCATALOG_COMPILER_GLOBAL_ACCENT_COLOR_NAME = AccentColor;
				CODE_SIGN_STYLE = Automatic;
				DEVELOPMENT_TEAM = 79399T3H3C;
				INFOPLIST_FILE = "Practice Transition/Info.plist";
				LD_RUNPATH_SEARCH_PATHS = (
					"$(inherited)",
					"@executable_path/Frameworks",
				);
				PRODUCT_BUNDLE_IDENTIFIER = "YCStudio.com.Practice-Transition";
				PRODUCT_NAME = "$(TARGET_NAME)";
				SWIFT_VERSION = 5.0;
				TARGETED_DEVICE_FAMILY = "1,2";
			};
			name = Debug;
		};
		46BF5EFA2577CD970054D04B /* Release */ = {
			isa = XCBuildConfiguration;
			baseConfigurationReference = 7B0C56522C6C61325CDBF449 /* Pods-Practice Transition.release.xcconfig */;
			buildSettings = {
				ASSETCATALOG_COMPILER_APPICON_NAME = AppIcon;
				ASSETCATALOG_COMPILER_GLOBAL_ACCENT_COLOR_NAME = AccentColor;
				CODE_SIGN_STYLE = Automatic;
				DEVELOPMENT_TEAM = 79399T3H3C;
				INFOPLIST_FILE = "Practice Transition/Info.plist";
				LD_RUNPATH_SEARCH_PATHS = (
					"$(inherited)",
					"@executable_path/Frameworks",
				);
				PRODUCT_BUNDLE_IDENTIFIER = "YCStudio.com.Practice-Transition";
				PRODUCT_NAME = "$(TARGET_NAME)";
				SWIFT_VERSION = 5.0;
				TARGETED_DEVICE_FAMILY = "1,2";
			};
			name = Release;
		};
/* End XCBuildConfiguration section */

/* Begin XCConfigurationList section */
		46BF5EDF2577CD970054D04B /* Build configuration list for PBXProject "Practice Transition" */ = {
			isa = XCConfigurationList;
			buildConfigurations = (
				46BF5EF62577CD970054D04B /* Debug */,
				46BF5EF72577CD970054D04B /* Release */,
			);
			defaultConfigurationIsVisible = 0;
			defaultConfigurationName = Release;
		};
		46BF5EF82577CD970054D04B /* Build configuration list for PBXNativeTarget "Practice Transition" */ = {
			isa = XCConfigurationList;
			buildConfigurations = (
				46BF5EF92577CD970054D04B /* Debug */,
				46BF5EFA2577CD970054D04B /* Release */,
			);
			defaultConfigurationIsVisible = 0;
			defaultConfigurationName = Release;
		};
/* End XCConfigurationList section */
	};
	rootObject = 46BF5EDC2577CD970054D04B /* Project object */;
}
